
Microsoft Visual Studio Solution File, Format Version 12.00
# Visual Studio Version 16
VisualStudioVersion = 16.0.31624.102
MinimumVisualStudioVersion = 10.0.40219.1
Project("{9A19103F-16F7-4668-BE54-9A1E7A4F7556}") = "MiAplicacion", "MiAplicacion\MiAplicacion.csproj", "{2554BE79-A1FA-46E2-9549-8D5E950A1202}"
EndProject
Project("{9A19103F-16F7-4668-BE54-9A1E7A4F7556}") = "MiBibliogonza", "MiBibliogonza\MiBibliogonza.csproj", "{0215BE6A-1DB9-4583-A5ED-39D2EE5BD00F}"
EndProject
Project("{FAE04EC0-301F-11D3-BF4B-00C04F79EFBC}") = "MiProyectoWeb", "MiProyectoWeb\MiProyectoWeb.csproj", "{779087DB-1602-401D-A91A-DCAB301DFD52}"
EndProject
Global
	GlobalSection(SolutionConfigurationPlatforms) = preSolution
		Debug|Any CPU = Debug|Any CPU
		Release|Any CPU = Release|Any CPU
	EndGlobalSection
	GlobalSection(ProjectConfigurationPlatforms) = postSolution
		{2554BE79-A1FA-46E2-9549-8D5E950A1202}.Debug|Any CPU.ActiveCfg = Debug|Any CPU
		{2554BE79-A1FA-46E2-9549-8D5E950A1202}.Debug|Any CPU.Build.0 = Debug|Any CPU
		{2554BE79-A1FA-46E2-9549-8D5E950A1202}.Release|Any CPU.ActiveCfg = Release|Any CPU
		{2554BE79-A1FA-46E2-9549-8D5E950A1202}.Release|Any CPU.Build.0 = Release|Any CPU
		{0215BE6A-1DB9-4583-A5ED-39D2EE5BD00F}.Debug|Any CPU.ActiveCfg = Debug|Any CPU
		{0215BE6A-1DB9-4583-A5ED-39D2EE5BD00F}.Debug|Any CPU.Build.0 = Debug|Any CPU
		{0215BE6A-1DB9-4583-A5ED-39D2EE5BD00F}.Release|Any CPU.ActiveCfg = Release|Any CPU
		{0215BE6A-1DB9-4583-A5ED-39D2EE5BD00F}.Release|Any CPU.Build.0 = Release|Any CPU
		{779087DB-1602-401D-A91A-DCAB301DFD52}.Debug|Any CPU.ActiveCfg = Debug|Any CPU
		{779087DB-1602-401D-A91A-DCAB301DFD52}.Debug|Any CPU.Build.0 = Debug|Any CPU
		{779087DB-1602-401D-A91A-DCAB301DFD52}.Release|Any CPU.ActiveCfg = Release|Any CPU
		{779087DB-1602-401D-A91A-DCAB301DFD52}.Release|Any CPU.Build.0 = Release|Any CPU
	EndGlobalSection
	GlobalSection(SolutionProperties) = preSolution
		HideSolutionNode = FALSE
	EndGlobalSection
	GlobalSection(ExtensibilityGlobals) = postSolution
		SolutionGuid = {2B48CDC5-9A32-4942-9674-2E958D2C8916}
	EndGlobalSection
EndGlobal
